
Microsoft Visual Studio Solution File, Format Version 12.00
# Visual Studio Version 16
VisualStudioVersion = 16.0.30128.74
MinimumVisualStudioVersion = 10.0.40219.1
Project("{FAE04EC0-301F-11D3-BF4B-00C04F79EFBC}") = "PCRemote", "PCRemote\PCRemote.csproj", "{72573DFD-69C6-43F5-945A-034EA51E88B0}"
EndProject
Global
	GlobalSection(SolutionConfigurationPlatforms) = preSolution
		Debug|Any CPU = Debug|Any CPU
		Release|Any CPU = Release|Any CPU
	EndGlobalSection
	GlobalSection(ProjectConfigurationPlatforms) = postSolution
		{72573DFD-69C6-43F5-945A-034EA51E88B0}.Debug|Any CPU.ActiveCfg = Debug|Any CPU
		{72573DFD-69C6-43F5-945A-034EA51E88B0}.Debug|Any CPU.Build.0 = Debug|Any CPU
		{72573DFD-69C6-43F5-945A-034EA51E88B0}.Release|Any CPU.ActiveCfg = Release|Any CPU
		{72573DFD-69C6-43F5-945A-034EA51E88B0}.Release|Any CPU.Build.0 = Release|Any CPU
	EndGlobalSection
	GlobalSection(SolutionProperties) = preSolution
		HideSolutionNode = FALSE
	EndGlobalSection
	GlobalSection(ExtensibilityGlobals) = postSolution
		SolutionGuid = {D4F7DCA0-8EC5-4683-8FBE-3B26F547EED3}
	EndGlobalSection
EndGlobal
